{
    "version": 3,
    "terraform_version": "0.11.5",
    "serial": 4,
    "lineage": "c2c019a6-c3ff-4dba-0b74-cc34fed37d42",
    "modules": [
        {
            "path": [
                "root"
            ],
            "outputs": {
                "Bucket Name": {
                    "sensitive": false,
                    "type": "string",
                    "value": "ranaskr-11796"
                },
                "Name of Security Group": {
                    "sensitive": false,
                    "type": "string",
                    "value": "sg-0686b8887c87fcf1e"
                },
                "Name of VPC": {
                    "sensitive": false,
                    "type": "string",
                    "value": "vpc-032c5ec13264209e9"
                },
                "Name of VPC - IGW": {
                    "sensitive": false,
                    "type": "string",
                    "value": "igw-0b9c70bfb5de7523a"
                },
                "Name of VPC - Subnets": {
                    "sensitive": false,
                    "type": "list",
                    "value": [
                        "subnet-0158836a1168288e0",
                        "subnet-0e60ac5469db748ec"
                    ]
                }
            },
            "resources": {},
            "depends_on": []
        },
        {
            "path": [
                "root",
                "network"
            ],
            "outputs": {
                "security_group_created": {
                    "sensitive": false,
                    "type": "string",
                    "value": "sg-0686b8887c87fcf1e"
                },
                "vpc_created": {
                    "sensitive": false,
                    "type": "string",
                    "value": "vpc-032c5ec13264209e9"
                },
                "vpc_igw_created": {
                    "sensitive": false,
                    "type": "string",
                    "value": "igw-0b9c70bfb5de7523a"
                },
                "vpc_subnet_created": {
                    "sensitive": false,
                    "type": "list",
                    "value": [
                        "subnet-0158836a1168288e0",
                        "subnet-0e60ac5469db748ec"
                    ]
                }
            },
            "resources": {
                "aws_internet_gateway.tf_igw": {
                    "type": "aws_internet_gateway",
                    "depends_on": [
                        "aws_vpc.tf_vpc"
                    ],
                    "primary": {
                        "id": "igw-0b9c70bfb5de7523a",
                        "attributes": {
                            "id": "igw-0b9c70bfb5de7523a",
                            "tags.%": "1",
                            "tags.Name": "tf_igw",
                            "vpc_id": "vpc-032c5ec13264209e9"
                        },
                        "meta": {},
                        "tainted": false
                    },
                    "deposed": [],
                    "provider": "provider.aws"
                },
                "aws_route_table.tf_public_rt": {
                    "type": "aws_route_table",
                    "depends_on": [
                        "aws_internet_gateway.tf_igw",
                        "aws_vpc.tf_vpc"
                    ],
                    "primary": {
                        "id": "rtb-0d62e8da13772980e",
                        "attributes": {
                            "id": "rtb-0d62e8da13772980e",
                            "propagating_vgws.#": "0",
                            "route.#": "1",
                            "route.2683543471.cidr_block": "0.0.0.0/0",
                            "route.2683543471.egress_only_gateway_id": "",
                            "route.2683543471.gateway_id": "igw-0b9c70bfb5de7523a",
                            "route.2683543471.instance_id": "",
                            "route.2683543471.ipv6_cidr_block": "",
                            "route.2683543471.nat_gateway_id": "",
                            "route.2683543471.network_interface_id": "",
                            "route.2683543471.vpc_peering_connection_id": "",
                            "tags.%": "1",
                            "tags.Name": "tf_public",
                            "vpc_id": "vpc-032c5ec13264209e9"
                        },
                        "meta": {},
                        "tainted": false
                    },
                    "deposed": [],
                    "provider": "provider.aws"
                },
                "aws_route_table_association.tf_public_assoc.0": {
                    "type": "aws_route_table_association",
                    "depends_on": [
                        "aws_route_table.tf_public_rt",
                        "aws_subnet.tf_public_subnet",
                        "aws_subnet.tf_public_subnet.*"
                    ],
                    "primary": {
                        "id": "rtbassoc-0df4ca70d10351de4",
                        "attributes": {
                            "id": "rtbassoc-0df4ca70d10351de4",
                            "route_table_id": "rtb-0d62e8da13772980e",
                            "subnet_id": "subnet-0158836a1168288e0"
                        },
                        "meta": {},
                        "tainted": false
                    },
                    "deposed": [],
                    "provider": "provider.aws"
                },
                "aws_route_table_association.tf_public_assoc.1": {
                    "type": "aws_route_table_association",
                    "depends_on": [
                        "aws_route_table.tf_public_rt",
                        "aws_subnet.tf_public_subnet",
                        "aws_subnet.tf_public_subnet.*"
                    ],
                    "primary": {
                        "id": "rtbassoc-081852671ec864c8a",
                        "attributes": {
                            "id": "rtbassoc-081852671ec864c8a",
                            "route_table_id": "rtb-0d62e8da13772980e",
                            "subnet_id": "subnet-0e60ac5469db748ec"
                        },
                        "meta": {},
                        "tainted": false
                    },
                    "deposed": [],
                    "provider": "provider.aws"
                },
                "aws_security_group.tf_public_sg": {
                    "type": "aws_security_group",
                    "depends_on": [
                        "aws_vpc.tf_vpc"
                    ],
                    "primary": {
                        "id": "sg-0686b8887c87fcf1e",
                        "attributes": {
                            "arn": "arn:aws:ec2:us-west-2:319644755804:security-group/sg-0686b8887c87fcf1e",
                            "description": "Used for access to public instance",
                            "egress.#": "1",
                            "egress.482069346.cidr_blocks.#": "1",
                            "egress.482069346.cidr_blocks.0": "0.0.0.0/0",
                            "egress.482069346.description": "",
                            "egress.482069346.from_port": "0",
                            "egress.482069346.ipv6_cidr_blocks.#": "0",
                            "egress.482069346.prefix_list_ids.#": "0",
                            "egress.482069346.protocol": "-1",
                            "egress.482069346.security_groups.#": "0",
                            "egress.482069346.self": "false",
                            "egress.482069346.to_port": "0",
                            "id": "sg-0686b8887c87fcf1e",
                            "ingress.#": "2",
                            "ingress.2214680975.cidr_blocks.#": "1",
                            "ingress.2214680975.cidr_blocks.0": "0.0.0.0/0",
                            "ingress.2214680975.description": "",
                            "ingress.2214680975.from_port": "80",
                            "ingress.2214680975.ipv6_cidr_blocks.#": "0",
                            "ingress.2214680975.prefix_list_ids.#": "0",
                            "ingress.2214680975.protocol": "tcp",
                            "ingress.2214680975.security_groups.#": "0",
                            "ingress.2214680975.self": "false",
                            "ingress.2214680975.to_port": "80",
                            "ingress.2541437006.cidr_blocks.#": "1",
                            "ingress.2541437006.cidr_blocks.0": "0.0.0.0/0",
                            "ingress.2541437006.description": "",
                            "ingress.2541437006.from_port": "22",
                            "ingress.2541437006.ipv6_cidr_blocks.#": "0",
                            "ingress.2541437006.prefix_list_ids.#": "0",
                            "ingress.2541437006.protocol": "tcp",
                            "ingress.2541437006.security_groups.#": "0",
                            "ingress.2541437006.self": "false",
                            "ingress.2541437006.to_port": "22",
                            "name": "tf_public_sg",
                            "owner_id": "319644755804",
                            "revoke_rules_on_delete": "false",
                            "tags.%": "0",
                            "vpc_id": "vpc-032c5ec13264209e9"
                        },
                        "meta": {
                            "e2bfb730-ecaa-11e6-8f88-34363bc7c4c0": {
                                "create": 600000000000,
                                "delete": 600000000000
                            },
                            "schema_version": "1"
                        },
                        "tainted": false
                    },
                    "deposed": [],
                    "provider": "provider.aws"
                },
                "aws_subnet.tf_public_subnet.0": {
                    "type": "aws_subnet",
                    "depends_on": [
                        "aws_vpc.tf_vpc",
                        "data.aws_availability_zones.available"
                    ],
                    "primary": {
                        "id": "subnet-0158836a1168288e0",
                        "attributes": {
                            "arn": "arn:aws:ec2:us-west-2:319644755804:subnet/subnet-0158836a1168288e0",
                            "assign_ipv6_address_on_creation": "false",
                            "availability_zone": "us-west-2a",
                            "cidr_block": "10.1.1.0/24",
                            "id": "subnet-0158836a1168288e0",
                            "map_public_ip_on_launch": "true",
                            "tags.%": "1",
                            "tags.Name": "tf_public_1",
                            "vpc_id": "vpc-032c5ec13264209e9"
                        },
                        "meta": {
                            "e2bfb730-ecaa-11e6-8f88-34363bc7c4c0": {
                                "create": 600000000000,
                                "delete": 600000000000
                            },
                            "schema_version": "1"
                        },
                        "tainted": false
                    },
                    "deposed": [],
                    "provider": "provider.aws"
                },
                "aws_subnet.tf_public_subnet.1": {
                    "type": "aws_subnet",
                    "depends_on": [
                        "aws_vpc.tf_vpc",
                        "data.aws_availability_zones.available"
                    ],
                    "primary": {
                        "id": "subnet-0e60ac5469db748ec",
                        "attributes": {
                            "arn": "arn:aws:ec2:us-west-2:319644755804:subnet/subnet-0e60ac5469db748ec",
                            "assign_ipv6_address_on_creation": "false",
                            "availability_zone": "us-west-2b",
                            "cidr_block": "10.1.2.0/24",
                            "id": "subnet-0e60ac5469db748ec",
                            "map_public_ip_on_launch": "true",
                            "tags.%": "1",
                            "tags.Name": "tf_public_2",
                            "vpc_id": "vpc-032c5ec13264209e9"
                        },
                        "meta": {
                            "e2bfb730-ecaa-11e6-8f88-34363bc7c4c0": {
                                "create": 600000000000,
                                "delete": 600000000000
                            },
                            "schema_version": "1"
                        },
                        "tainted": false
                    },
                    "deposed": [],
                    "provider": "provider.aws"
                },
                "aws_vpc.tf_vpc": {
                    "type": "aws_vpc",
                    "depends_on": [],
                    "primary": {
                        "id": "vpc-032c5ec13264209e9",
                        "attributes": {
                            "arn": "arn:aws:ec2:us-west-2:319644755804:vpc/vpc-032c5ec13264209e9",
                            "assign_generated_ipv6_cidr_block": "false",
                            "cidr_block": "10.1.0.0/16",
                            "default_network_acl_id": "acl-0122ff3f6c72cee57",
                            "default_route_table_id": "rtb-0656db2d2c8d5faa2",
                            "default_security_group_id": "sg-00c7534b01fbd89f6",
                            "dhcp_options_id": "dopt-d57da7b2",
                            "enable_classiclink": "false",
                            "enable_classiclink_dns_support": "false",
                            "enable_dns_hostnames": "true",
                            "enable_dns_support": "true",
                            "id": "vpc-032c5ec13264209e9",
                            "instance_tenancy": "default",
                            "main_route_table_id": "rtb-0656db2d2c8d5faa2",
                            "tags.%": "1",
                            "tags.Name": "tf_vpc"
                        },
                        "meta": {
                            "schema_version": "1"
                        },
                        "tainted": false
                    },
                    "deposed": [],
                    "provider": "provider.aws"
                },
                "data.aws_availability_zones.available": {
                    "type": "aws_availability_zones",
                    "depends_on": [],
                    "primary": {
                        "id": "2018-10-13 19:09:15.872048797 +0000 UTC",
                        "attributes": {
                            "id": "2018-10-13 19:09:15.872048797 +0000 UTC",
                            "names.#": "3",
                            "names.0": "us-west-2a",
                            "names.1": "us-west-2b",
                            "names.2": "us-west-2c"
                        },
                        "meta": {},
                        "tainted": false
                    },
                    "deposed": [],
                    "provider": "provider.aws"
                }
            },
            "depends_on": []
        },
        {
            "path": [
                "root",
                "storage"
            ],
            "outputs": {
                "bucketname": {
                    "sensitive": false,
                    "type": "string",
                    "value": "ranaskr-11796"
                }
            },
            "resources": {
                "aws_s3_bucket.tf_code": {
                    "type": "aws_s3_bucket",
                    "depends_on": [
                        "random_id.tf_bucket_id"
                    ],
                    "primary": {
                        "id": "ranaskr-11796",
                        "attributes": {
                            "acceleration_status": "",
                            "acl": "private",
                            "arn": "arn:aws:s3:::ranaskr-11796",
                            "bucket": "ranaskr-11796",
                            "bucket_domain_name": "ranaskr-11796.s3.amazonaws.com",
                            "bucket_regional_domain_name": "ranaskr-11796.s3.us-west-2.amazonaws.com",
                            "cors_rule.#": "0",
                            "force_destroy": "true",
                            "hosted_zone_id": "Z3BJ6K6RIION7M",
                            "id": "ranaskr-11796",
                            "lifecycle_rule.#": "0",
                            "logging.#": "0",
                            "region": "us-west-2",
                            "replication_configuration.#": "0",
                            "request_payer": "BucketOwner",
                            "server_side_encryption_configuration.#": "0",
                            "tags.%": "1",
                            "tags.Name": "tf_bucket",
                            "versioning.#": "1",
                            "versioning.0.enabled": "false",
                            "versioning.0.mfa_delete": "false",
                            "website.#": "0"
                        },
                        "meta": {},
                        "tainted": false
                    },
                    "deposed": [],
                    "provider": "provider.aws"
                },
                "random_id.tf_bucket_id": {
                    "type": "random_id",
                    "depends_on": [],
                    "primary": {
                        "id": "LhQ",
                        "attributes": {
                            "b64": "LhQ",
                            "b64_std": "LhQ=",
                            "b64_url": "LhQ",
                            "byte_length": "2",
                            "dec": "11796",
                            "hex": "2e14",
                            "id": "LhQ"
                        },
                        "meta": {},
                        "tainted": false
                    },
                    "deposed": [],
                    "provider": "provider.random"
                }
            },
            "depends_on": []
        }
    ]
}
