{
    "version": 3,
    "terraform_version": "0.11.5",
    "serial": 2,
    "lineage": "5a0c1642-dbe9-1d4f-06f6-eceffe321e96",
    "modules": [
        {
            "path": [
                "root"
            ],
            "outputs": {},
            "resources": {
                "aws_internet_gateway.tf_igw": {
                    "type": "aws_internet_gateway",
                    "depends_on": [
                        "aws_vpc.tf_vpc"
                    ],
                    "primary": {
                        "id": "igw-011fcd247fbf21002",
                        "attributes": {
                            "id": "igw-011fcd247fbf21002",
                            "tags.%": "1",
                            "tags.Name": "tf_igw",
                            "vpc_id": "vpc-02cbdaf073f58e19e"
                        },
                        "meta": {},
                        "tainted": false
                    },
                    "deposed": [],
                    "provider": "provider.aws"
                },
                "aws_route_table.tf_public_rt": {
                    "type": "aws_route_table",
                    "depends_on": [
                        "aws_internet_gateway.tf_igw",
                        "aws_vpc.tf_vpc"
                    ],
                    "primary": {
                        "id": "rtb-017cd7fb640db5db6",
                        "attributes": {
                            "id": "rtb-017cd7fb640db5db6",
                            "propagating_vgws.#": "0",
                            "route.#": "1",
                            "route.502782869.cidr_block": "0.0.0.0/0",
                            "route.502782869.egress_only_gateway_id": "",
                            "route.502782869.gateway_id": "igw-011fcd247fbf21002",
                            "route.502782869.instance_id": "",
                            "route.502782869.ipv6_cidr_block": "",
                            "route.502782869.nat_gateway_id": "",
                            "route.502782869.network_interface_id": "",
                            "route.502782869.vpc_peering_connection_id": "",
                            "tags.%": "1",
                            "tags.Name": "tf_public",
                            "vpc_id": "vpc-02cbdaf073f58e19e"
                        },
                        "meta": {},
                        "tainted": false
                    },
                    "deposed": [],
                    "provider": "provider.aws"
                },
                "aws_vpc.tf_vpc": {
                    "type": "aws_vpc",
                    "depends_on": [],
                    "primary": {
                        "id": "vpc-02cbdaf073f58e19e",
                        "attributes": {
                            "arn": "arn:aws:ec2:us-east-1:319644755804:vpc/vpc-02cbdaf073f58e19e",
                            "assign_generated_ipv6_cidr_block": "false",
                            "cidr_block": "10.1.0.0/16",
                            "default_network_acl_id": "acl-0b0361272e9856cd8",
                            "default_route_table_id": "rtb-056c3b0cfcfe505cc",
                            "default_security_group_id": "sg-0644456d71e974708",
                            "dhcp_options_id": "dopt-557a9b2c",
                            "enable_classiclink": "false",
                            "enable_classiclink_dns_support": "false",
                            "enable_dns_hostnames": "true",
                            "enable_dns_support": "true",
                            "id": "vpc-02cbdaf073f58e19e",
                            "instance_tenancy": "default",
                            "main_route_table_id": "rtb-056c3b0cfcfe505cc",
                            "tags.%": "1",
                            "tags.Name": "tf_vpc"
                        },
                        "meta": {
                            "schema_version": "1"
                        },
                        "tainted": false
                    },
                    "deposed": [],
                    "provider": "provider.aws"
                },
                "data.aws_availability_zones.available": {
                    "type": "aws_availability_zones",
                    "depends_on": [],
                    "primary": {
                        "id": "2018-10-13 13:03:59.388358298 +0000 UTC",
                        "attributes": {
                            "id": "2018-10-13 13:03:59.388358298 +0000 UTC",
                            "names.#": "6",
                            "names.0": "us-east-1a",
                            "names.1": "us-east-1b",
                            "names.2": "us-east-1c",
                            "names.3": "us-east-1d",
                            "names.4": "us-east-1e",
                            "names.5": "us-east-1f"
                        },
                        "meta": {},
                        "tainted": false
                    },
                    "deposed": [],
                    "provider": "provider.aws"
                }
            },
            "depends_on": []
        }
    ]
}
